
Microsoft Visual Studio Solution File, Format Version 12.00
# Visual Studio Version 17
VisualStudioVersion = 17.0.31903.59
MinimumVisualStudioVersion = 10.0.40219.1
Project("{2150E333-8FDC-42A3-9474-1A3956D46DE8}") = "src", "src", "{827E0CD3-B72D-47B6-A68D-7590B98EB39B}"
EndProject
Project("{FAE04EC0-301F-11D3-BF4B-00C04F79EFBC}") = "FlowHearth.Domain", "src\FlowHearth.Domain\FlowHearth.Domain.csproj", "{7CFA49DA-9E49-4D3C-835C-AAFBB0EC48A8}"
EndProject
Project("{FAE04EC0-301F-11D3-BF4B-00C04F79EFBC}") = "FlowHearth.Application", "src\FlowHearth.Application\FlowHearth.Application.csproj", "{4C93CE46-335D-4402-854B-39B516352297}"
EndProject
Project("{FAE04EC0-301F-11D3-BF4B-00C04F79EFBC}") = "FlowHearth.Infrastructure", "src\FlowHearth.Infrastructure\FlowHearth.Infrastructure.csproj", "{1DE3535E-A005-434F-80E5-9DAB187F548C}"
EndProject
Project("{FAE04EC0-301F-11D3-BF4B-00C04F79EFBC}") = "FlowHearth.Api", "src\FlowHearth.Api\FlowHearth.Api.csproj", "{1BE1A52B-F0B0-45BF-A50A-90720AB38231}"
EndProject
Project("{FAE04EC0-301F-11D3-BF4B-00C04F79EFBC}") = "FlowHearth.DbMigrator", "src\FlowHearth.DbMigrator\FlowHearth.DbMigrator.csproj", "{CB975D6C-BC8F-4F20-B6D2-4305B58E6F8C}"
EndProject
Project("{2150E333-8FDC-42A3-9474-1A3956D46DE8}") = "tests", "tests", "{0AB3BF05-4346-4AA6-1389-037BE0695223}"
EndProject
Project("{FAE04EC0-301F-11D3-BF4B-00C04F79EFBC}") = "FlowHearth.UnitTests", "tests\FlowHearth.UnitTests\FlowHearth.UnitTests.csproj", "{E8867401-6311-4E6A-BDCA-C5C1BD94B707}"
EndProject
Project("{FAE04EC0-301F-11D3-BF4B-00C04F79EFBC}") = "FlowHearth.IntegrationTests", "tests\FlowHearth.IntegrationTests\FlowHearth.IntegrationTests.csproj", "{33B4C8CE-067F-4344-8363-B64A3A8355B4}"
EndProject
Project("{FAE04EC0-301F-11D3-BF4B-00C04F79EFBC}") = "FlowHearth.DemoSeed", "src\FlowHearth.DemoSeed\FlowHearth.DemoSeed.csproj", "{2B897F92-9D6F-44E7-B986-D9757B44BEDF}"
EndProject
Global
	GlobalSection(SolutionConfigurationPlatforms) = preSolution
		Debug|Any CPU = Debug|Any CPU
		Debug|x64 = Debug|x64
		Debug|x86 = Debug|x86
		Release|Any CPU = Release|Any CPU
		Release|x64 = Release|x64
		Release|x86 = Release|x86
	EndGlobalSection
	GlobalSection(ProjectConfigurationPlatforms) = postSolution
		{7CFA49DA-9E49-4D3C-835C-AAFBB0EC48A8}.Debug|Any CPU.ActiveCfg = Debug|Any CPU
		{7CFA49DA-9E49-4D3C-835C-AAFBB0EC48A8}.Debug|Any CPU.Build.0 = Debug|Any CPU
		{7CFA49DA-9E49-4D3C-835C-AAFBB0EC48A8}.Debug|x64.ActiveCfg = Debug|Any CPU
		{7CFA49DA-9E49-4D3C-835C-AAFBB0EC48A8}.Debug|x64.Build.0 = Debug|Any CPU
		{7CFA49DA-9E49-4D3C-835C-AAFBB0EC48A8}.Debug|x86.ActiveCfg = Debug|Any CPU
		{7CFA49DA-9E49-4D3C-835C-AAFBB0EC48A8}.Debug|x86.Build.0 = Debug|Any CPU
		{7CFA49DA-9E49-4D3C-835C-AAFBB0EC48A8}.Release|Any CPU.ActiveCfg = Release|Any CPU
		{7CFA49DA-9E49-4D3C-835C-AAFBB0EC48A8}.Release|Any CPU.Build.0 = Release|Any CPU
		{7CFA49DA-9E49-4D3C-835C-AAFBB0EC48A8}.Release|x64.ActiveCfg = Release|Any CPU
		{7CFA49DA-9E49-4D3C-835C-AAFBB0EC48A8}.Release|x64.Build.0 = Release|Any CPU
		{7CFA49DA-9E49-4D3C-835C-AAFBB0EC48A8}.Release|x86.ActiveCfg = Release|Any CPU
		{7CFA49DA-9E49-4D3C-835C-AAFBB0EC48A8}.Release|x86.Build.0 = Release|Any CPU
		{4C93CE46-335D-4402-854B-39B516352297}.Debug|Any CPU.ActiveCfg = Debug|Any CPU
		{4C93CE46-335D-4402-854B-39B516352297}.Debug|Any CPU.Build.0 = Debug|Any CPU
		{4C93CE46-335D-4402-854B-39B516352297}.Debug|x64.ActiveCfg = Debug|Any CPU
		{4C93CE46-335D-4402-854B-39B516352297}.Debug|x64.Build.0 = Debug|Any CPU
		{4C93CE46-335D-4402-854B-39B516352297}.Debug|x86.ActiveCfg = Debug|Any CPU
		{4C93CE46-335D-4402-854B-39B516352297}.Debug|x86.Build.0 = Debug|Any CPU
		{4C93CE46-335D-4402-854B-39B516352297}.Release|Any CPU.ActiveCfg = Release|Any CPU
		{4C93CE46-335D-4402-854B-39B516352297}.Release|Any CPU.Build.0 = Release|Any CPU
		{4C93CE46-335D-4402-854B-39B516352297}.Release|x64.ActiveCfg = Release|Any CPU
		{4C93CE46-335D-4402-854B-39B516352297}.Release|x64.Build.0 = Release|Any CPU
		{4C93CE46-335D-4402-854B-39B516352297}.Release|x86.ActiveCfg = Release|Any CPU
		{4C93CE46-335D-4402-854B-39B516352297}.Release|x86.Build.0 = Release|Any CPU
		{1DE3535E-A005-434F-80E5-9DAB187F548C}.Debug|Any CPU.ActiveCfg = Debug|Any CPU
		{1DE3535E-A005-434F-80E5-9DAB187F548C}.Debug|Any CPU.Build.0 = Debug|Any CPU
		{1DE3535E-A005-434F-80E5-9DAB187F548C}.Debug|x64.ActiveCfg = Debug|Any CPU
		{1DE3535E-A005-434F-80E5-9DAB187F548C}.Debug|x64.Build.0 = Debug|Any CPU
		{1DE3535E-A005-434F-80E5-9DAB187F548C}.Debug|x86.ActiveCfg = Debug|Any CPU
		{1DE3535E-A005-434F-80E5-9DAB187F548C}.Debug|x86.Build.0 = Debug|Any CPU
		{1DE3535E-A005-434F-80E5-9DAB187F548C}.Release|Any CPU.ActiveCfg = Release|Any CPU
		{1DE3535E-A005-434F-80E5-9DAB187F548C}.Release|Any CPU.Build.0 = Release|Any CPU
		{1DE3535E-A005-434F-80E5-9DAB187F548C}.Release|x64.ActiveCfg = Release|Any CPU
		{1DE3535E-A005-434F-80E5-9DAB187F548C}.Release|x64.Build.0 = Release|Any CPU
		{1DE3535E-A005-434F-80E5-9DAB187F548C}.Release|x86.ActiveCfg = Release|Any CPU
		{1DE3535E-A005-434F-80E5-9DAB187F548C}.Release|x86.Build.0 = Release|Any CPU
		{1BE1A52B-F0B0-45BF-A50A-90720AB38231}.Debug|Any CPU.ActiveCfg = Debug|Any CPU
		{1BE1A52B-F0B0-45BF-A50A-90720AB38231}.Debug|Any CPU.Build.0 = Debug|Any CPU
		{1BE1A52B-F0B0-45BF-A50A-90720AB38231}.Debug|x64.ActiveCfg = Debug|Any CPU
		{1BE1A52B-F0B0-45BF-A50A-90720AB38231}.Debug|x64.Build.0 = Debug|Any CPU
		{1BE1A52B-F0B0-45BF-A50A-90720AB38231}.Debug|x86.ActiveCfg = Debug|Any CPU
		{1BE1A52B-F0B0-45BF-A50A-90720AB38231}.Debug|x86.Build.0 = Debug|Any CPU
		{1BE1A52B-F0B0-45BF-A50A-90720AB38231}.Release|Any CPU.ActiveCfg = Release|Any CPU
		{1BE1A52B-F0B0-45BF-A50A-90720AB38231}.Release|Any CPU.Build.0 = Release|Any CPU
		{1BE1A52B-F0B0-45BF-A50A-90720AB38231}.Release|x64.ActiveCfg = Release|Any CPU
		{1BE1A52B-F0B0-45BF-A50A-90720AB38231}.Release|x64.Build.0 = Release|Any CPU
		{1BE1A52B-F0B0-45BF-A50A-90720AB38231}.Release|x86.ActiveCfg = Release|Any CPU
		{1BE1A52B-F0B0-45BF-A50A-90720AB38231}.Release|x86.Build.0 = Release|Any CPU
		{CB975D6C-BC8F-4F20-B6D2-4305B58E6F8C}.Debug|Any CPU.ActiveCfg = Debug|Any CPU
		{CB975D6C-BC8F-4F20-B6D2-4305B58E6F8C}.Debug|Any CPU.Build.0 = Debug|Any CPU
		{CB975D6C-BC8F-4F20-B6D2-4305B58E6F8C}.Debug|x64.ActiveCfg = Debug|Any CPU
		{CB975D6C-BC8F-4F20-B6D2-4305B58E6F8C}.Debug|x64.Build.0 = Debug|Any CPU
		{CB975D6C-BC8F-4F20-B6D2-4305B58E6F8C}.Debug|x86.ActiveCfg = Debug|Any CPU
		{CB975D6C-BC8F-4F20-B6D2-4305B58E6F8C}.Debug|x86.Build.0 = Debug|Any CPU
		{CB975D6C-BC8F-4F20-B6D2-4305B58E6F8C}.Release|Any CPU.ActiveCfg = Release|Any CPU
		{CB975D6C-BC8F-4F20-B6D2-4305B58E6F8C}.Release|Any CPU.Build.0 = Release|Any CPU
		{CB975D6C-BC8F-4F20-B6D2-4305B58E6F8C}.Release|x64.ActiveCfg = Release|Any CPU
		{CB975D6C-BC8F-4F20-B6D2-4305B58E6F8C}.Release|x64.Build.0 = Release|Any CPU
		{CB975D6C-BC8F-4F20-B6D2-4305B58E6F8C}.Release|x86.ActiveCfg = Release|Any CPU
		{CB975D6C-BC8F-4F20-B6D2-4305B58E6F8C}.Release|x86.Build.0 = Release|Any CPU
		{E8867401-6311-4E6A-BDCA-C5C1BD94B707}.Debug|Any CPU.ActiveCfg = Debug|Any CPU
		{E8867401-6311-4E6A-BDCA-C5C1BD94B707}.Debug|Any CPU.Build.0 = Debug|Any CPU
		{E8867401-6311-4E6A-BDCA-C5C1BD94B707}.Debug|x64.ActiveCfg = Debug|Any CPU
		{E8867401-6311-4E6A-BDCA-C5C1BD94B707}.Debug|x64.Build.0 = Debug|Any CPU
		{E8867401-6311-4E6A-BDCA-C5C1BD94B707}.Debug|x86.ActiveCfg = Debug|Any CPU
		{E8867401-6311-4E6A-BDCA-C5C1BD94B707}.Debug|x86.Build.0 = Debug|Any CPU
		{E8867401-6311-4E6A-BDCA-C5C1BD94B707}.Release|Any CPU.ActiveCfg = Release|Any CPU
		{E8867401-6311-4E6A-BDCA-C5C1BD94B707}.Release|Any CPU.Build.0 = Release|Any CPU
		{E8867401-6311-4E6A-BDCA-C5C1BD94B707}.Release|x64.ActiveCfg = Release|Any CPU
		{E8867401-6311-4E6A-BDCA-C5C1BD94B707}.Release|x64.Build.0 = Release|Any CPU
		{E8867401-6311-4E6A-BDCA-C5C1BD94B707}.Release|x86.ActiveCfg = Release|Any CPU
		{E8867401-6311-4E6A-BDCA-C5C1BD94B707}.Release|x86.Build.0 = Release|Any CPU
		{33B4C8CE-067F-4344-8363-B64A3A8355B4}.Debug|Any CPU.ActiveCfg = Debug|Any CPU
		{33B4C8CE-067F-4344-8363-B64A3A8355B4}.Debug|Any CPU.Build.0 = Debug|Any CPU
		{33B4C8CE-067F-4344-8363-B64A3A8355B4}.Debug|x64.ActiveCfg = Debug|Any CPU
		{33B4C8CE-067F-4344-8363-B64A3A8355B4}.Debug|x64.Build.0 = Debug|Any CPU
		{33B4C8CE-067F-4344-8363-B64A3A8355B4}.Debug|x86.ActiveCfg = Debug|Any CPU
		{33B4C8CE-067F-4344-8363-B64A3A8355B4}.Debug|x86.Build.0 = Debug|Any CPU
		{33B4C8CE-067F-4344-8363-B64A3A8355B4}.Release|Any CPU.ActiveCfg = Release|Any CPU
		{33B4C8CE-067F-4344-8363-B64A3A8355B4}.Release|Any CPU.Build.0 = Release|Any CPU
		{33B4C8CE-067F-4344-8363-B64A3A8355B4}.Release|x64.ActiveCfg = Release|Any CPU
		{33B4C8CE-067F-4344-8363-B64A3A8355B4}.Release|x64.Build.0 = Release|Any CPU
		{33B4C8CE-067F-4344-8363-B64A3A8355B4}.Release|x86.ActiveCfg = Release|Any CPU
		{33B4C8CE-067F-4344-8363-B64A3A8355B4}.Release|x86.Build.0 = Release|Any CPU
		{2B897F92-9D6F-44E7-B986-D9757B44BEDF}.Debug|Any CPU.ActiveCfg = Debug|Any CPU
		{2B897F92-9D6F-44E7-B986-D9757B44BEDF}.Debug|Any CPU.Build.0 = Debug|Any CPU
		{2B897F92-9D6F-44E7-B986-D9757B44BEDF}.Debug|x64.ActiveCfg = Debug|Any CPU
		{2B897F92-9D6F-44E7-B986-D9757B44BEDF}.Debug|x64.Build.0 = Debug|Any CPU
		{2B897F92-9D6F-44E7-B986-D9757B44BEDF}.Debug|x86.ActiveCfg = Debug|Any CPU
		{2B897F92-9D6F-44E7-B986-D9757B44BEDF}.Debug|x86.Build.0 = Debug|Any CPU
		{2B897F92-9D6F-44E7-B986-D9757B44BEDF}.Release|Any CPU.ActiveCfg = Release|Any CPU
		{2B897F92-9D6F-44E7-B986-D9757B44BEDF}.Release|Any CPU.Build.0 = Release|Any CPU
		{2B897F92-9D6F-44E7-B986-D9757B44BEDF}.Release|x64.ActiveCfg = Release|Any CPU
		{2B897F92-9D6F-44E7-B986-D9757B44BEDF}.Release|x64.Build.0 = Release|Any CPU
		{2B897F92-9D6F-44E7-B986-D9757B44BEDF}.Release|x86.ActiveCfg = Release|Any CPU
		{2B897F92-9D6F-44E7-B986-D9757B44BEDF}.Release|x86.Build.0 = Release|Any CPU
	EndGlobalSection
	GlobalSection(SolutionProperties) = preSolution
		HideSolutionNode = FALSE
	EndGlobalSection
	GlobalSection(NestedProjects) = preSolution
		{7CFA49DA-9E49-4D3C-835C-AAFBB0EC48A8} = {827E0CD3-B72D-47B6-A68D-7590B98EB39B}
		{4C93CE46-335D-4402-854B-39B516352297} = {827E0CD3-B72D-47B6-A68D-7590B98EB39B}
		{1DE3535E-A005-434F-80E5-9DAB187F548C} = {827E0CD3-B72D-47B6-A68D-7590B98EB39B}
		{1BE1A52B-F0B0-45BF-A50A-90720AB38231} = {827E0CD3-B72D-47B6-A68D-7590B98EB39B}
		{CB975D6C-BC8F-4F20-B6D2-4305B58E6F8C} = {827E0CD3-B72D-47B6-A68D-7590B98EB39B}
		{E8867401-6311-4E6A-BDCA-C5C1BD94B707} = {0AB3BF05-4346-4AA6-1389-037BE0695223}
		{33B4C8CE-067F-4344-8363-B64A3A8355B4} = {0AB3BF05-4346-4AA6-1389-037BE0695223}
		{2B897F92-9D6F-44E7-B986-D9757B44BEDF} = {827E0CD3-B72D-47B6-A68D-7590B98EB39B}
	EndGlobalSection
EndGlobal
